<?xml version="1.0" encoding="utf-8"?>
<Project ToolsVersion="4.0" xmlns="http://schemas.microsoft.com/developer/msbuild/2003">
  <ItemGroup>
    <Filter Include="Quelldateien">
      <UniqueIdentifier>{4FC737F1-C7A5-4376-A066-2A32D752A2FF}</UniqueIdentifier>
      <Extensions>cpp;c;cc;cxx;def;odl;idl;hpj;bat;asm;asmx</Extensions>
    </Filter>
    <Filter Include="Headerdateien">
      <UniqueIdentifier>{93995380-89BD-4b04-88EB-625FBE52EBFB}</UniqueIdentifier>
      <Extensions>h;hpp;hxx;hm;inl;inc;xsd</Extensions>
    </Filter>
    <Filter Include="Ressourcendateien">
      <UniqueIdentifier>{67DA6AB6-F800-4c08-8B7A-83BB121AAD01}</UniqueIdentifier>
      <Extensions>rc;ico;cur;bmp;dlg;rc2;rct;bin;rgs;gif;jpg;jpeg;jpe;resx;tiff;tif;png;wav;mfcribbon-ms</Extensions>
    </Filter>
  </ItemGroup>
  <ItemGroup>
    <ClCompile Include="Main.cpp">
      <Filter>Quelldateien</Filter>
    </ClCompile>
    <ClCompile Include="Stats.cpp">
      <Filter>Quelldateien</Filter>
    </ClCompile>
    <ClCompile Include="Monster.cpp">
      <Filter>Quelldateien</Filter>
    </ClCompile>
    <ClCompile Include="Transform.cpp">
      <Filter>Quelldateien</Filter>
    </ClCompile>
    <ClCompile Include="Instance3D_New.cpp">
      <Filter>Quelldateien</Filter>
    </ClCompile>
    <ClCompile Include="MonsterDefinition.cpp">
      <Filter>Quelldateien</Filter>
    </ClCompile>
    <ClCompile Include="MonsterDefinition_Manager.cpp">
      <Filter>Quelldateien</Filter>
    </ClCompile>
    <ClCompile Include="Log.cpp">
      <Filter>Quelldateien</Filter>
    </ClCompile>
    <ClCompile Include="StringUtility.cpp">
      <Filter>Quelldateien</Filter>
    </ClCompile>
    <ClCompile Include="GroupDefinition.cpp">
      <Filter>Quelldateien</Filter>
    </ClCompile>
    <ClCompile Include="GroupDefinition_Manager.cpp">
      <Filter>Quelldateien</Filter>
    </ClCompile>
    <ClCompile Include="Fight.cpp">
      <Filter>Quelldateien</Filter>
    </ClCompile>
    <ClCompile Include="Collider2D.cpp">
      <Filter>Quelldateien</Filter>
    </ClCompile>
    <ClCompile Include="LabyrinthPartDefinition.cpp">
      <Filter>Quelldateien</Filter>
    </ClCompile>
    <ClCompile Include="Definition3D.cpp">
      <Filter>Quelldateien</Filter>
    </ClCompile>
    <ClCompile Include="LabyrinthPartDefinition_Manager.cpp">
      <Filter>Quelldateien</Filter>
    </ClCompile>
    <ClCompile Include="LabyrinthPartInstance.cpp">
      <Filter>Quelldateien</Filter>
    </ClCompile>
    <ClCompile Include="LabyrinthInstance.cpp">
      <Filter>Quelldateien</Filter>
    </ClCompile>
    <ClCompile Include="OpenGLContainer.cpp">
      <Filter>Quelldateien</Filter>
    </ClCompile>
    <ClCompile Include="common\quaternion_utils.cpp">
      <Filter>Quelldateien</Filter>
    </ClCompile>
    <ClCompile Include="common\tangentspace.cpp">
      <Filter>Quelldateien</Filter>
    </ClCompile>
    <ClCompile Include="common\vboindexer.cpp">
      <Filter>Quelldateien</Filter>
    </ClCompile>
    <ClCompile Include="common\objloader.cpp">
      <Filter>Quelldateien</Filter>
    </ClCompile>
    <ClCompile Include="common\texture.cpp">
      <Filter>Quelldateien</Filter>
    </ClCompile>
    <ClCompile Include="common\shader.cpp">
      <Filter>Quelldateien</Filter>
    </ClCompile>
    <ClCompile Include="Minigames.cpp">
      <Filter>Quelldateien</Filter>
    </ClCompile>
    <ClCompile Include="ScriptReturn.cpp">
      <Filter>Quelldateien</Filter>
    </ClCompile>
    <ClCompile Include="LabyrinthResult.cpp">
      <Filter>Quelldateien</Filter>
    </ClCompile>
    <ClCompile Include="ScriptBridge.cpp">
      <Filter>Quelldateien</Filter>
    </ClCompile>
    <ClCompile Include="HashingForTags.cpp">
      <Filter>Quelldateien</Filter>
    </ClCompile>
    <ClCompile Include="MapEditor\MapEditor.cpp">
      <Filter>Quelldateien</Filter>
    </ClCompile>
    <ClCompile Include="MapEditor\MapEditorTileSelector.cpp">
      <Filter>Quelldateien</Filter>
    </ClCompile>
    <ClCompile Include="Stage.cpp">
      <Filter>Quelldateien</Filter>
    </ClCompile>
    <ClCompile Include="Ui\Element2D.cpp">
      <Filter>Quelldateien</Filter>
    </ClCompile>
    <ClCompile Include="Ui\UiElement.cpp">
      <Filter>Quelldateien</Filter>
    </ClCompile>
    <ClCompile Include="Ui\UiElementEffect.cpp">
      <Filter>Quelldateien</Filter>
    </ClCompile>
    <ClCompile Include="Ui\UiElementParameter.cpp">
      <Filter>Quelldateien</Filter>
    </ClCompile>
    <ClCompile Include="Ui\Transform2D.cpp">
      <Filter>Quelldateien</Filter>
    </ClCompile>
    <ClCompile Include="MapEditor\VariantCarrier.cpp">
      <Filter>Quelldateien</Filter>
    </ClCompile>
    <ClCompile Include="MapEditor\PseudoInstance.cpp">
      <Filter>Quelldateien</Filter>
    </ClCompile>
    <ClCompile Include="PlayerState.cpp">
      <Filter>Quelldateien</Filter>
    </ClCompile>
    <ClCompile Include="Sequence.cpp">
      <Filter>Quelldateien</Filter>
    </ClCompile>
    <ClCompile Include="FightData.cpp">
      <Filter>Quelldateien</Filter>
    </ClCompile>
    <ClCompile Include="MapEditor\TextInput.cpp">
      <Filter>Quelldateien</Filter>
    </ClCompile>
    <ClCompile Include="MonsterCast.cpp">
      <Filter>Quelldateien</Filter>
    </ClCompile>
    <ClCompile Include="Ui\Animation.cpp">
      <Filter>Quelldateien</Filter>
    </ClCompile>
    <ClCompile Include="Ui\UiAnimation.cpp">
      <Filter>Quelldateien</Filter>
    </ClCompile>
    <ClCompile Include="Key.cpp">
      <Filter>Quelldateien</Filter>
    </ClCompile>
    <ClCompile Include="SequenceSelect.cpp">
      <Filter>Quelldateien</Filter>
    </ClCompile>
    <ClCompile Include="Ui\TimerBar.cpp">
      <Filter>Quelldateien</Filter>
    </ClCompile>
    <ClCompile Include="Ui\TimerManager.cpp">
      <Filter>Quelldateien</Filter>
    </ClCompile>
    <ClCompile Include="Ui\OffsetElement.cpp">
      <Filter>Quelldateien</Filter>
    </ClCompile>
    <ClCompile Include="Ui\FlipbookAnimation.cpp">
      <Filter>Quelldateien</Filter>
    </ClCompile>
    <ClCompile Include="Ui\AnimationManager.cpp">
      <Filter>Quelldateien</Filter>
    </ClCompile>
    <ClCompile Include="Conditions\CastCondition.cpp">
      <Filter>Quelldateien</Filter>
    </ClCompile>
    <ClCompile Include="SequenceRepresentation.cpp">
      <Filter>Quelldateien</Filter>
    </ClCompile>
    <ClCompile Include="LoadSaveUnlocks.cpp">
      <Filter>Quelldateien</Filter>
    </ClCompile>
    <ClCompile Include="Ui\Command.cpp">
      <Filter>Quelldateien</Filter>
    </ClCompile>
    <ClCompile Include="MapEditor\CommandSelectTool.cpp">
      <Filter>Quelldateien</Filter>
    </ClCompile>
    <ClCompile Include="IrrklangSingleton.cpp">
      <Filter>Quelldateien</Filter>
    </ClCompile>
  </ItemGroup>
  <ItemGroup>
    <ClInclude Include="Transform.h">
      <Filter>Headerdateien</Filter>
    </ClInclude>
    <ClInclude Include="Instance3D_New.h">
      <Filter>Headerdateien</Filter>
    </ClInclude>
    <ClInclude Include="Monster.h">
      <Filter>Headerdateien</Filter>
    </ClInclude>
    <ClInclude Include="Stats.h">
      <Filter>Headerdateien</Filter>
    </ClInclude>
    <ClInclude Include="MonsterDefinition.h">
      <Filter>Headerdateien</Filter>
    </ClInclude>
    <ClInclude Include="MonsterDefinition_Manager.h">
      <Filter>Headerdateien</Filter>
    </ClInclude>
    <ClInclude Include="Log.h">
      <Filter>Headerdateien</Filter>
    </ClInclude>
    <ClInclude Include="tinyxml2.h">
      <Filter>Headerdateien</Filter>
    </ClInclude>
    <ClInclude Include="StringUtility.h">
      <Filter>Headerdateien</Filter>
    </ClInclude>
    <ClInclude Include="GroupDefinition.h">
      <Filter>Headerdateien</Filter>
    </ClInclude>
    <ClInclude Include="GroupDefinition_Manager.h">
      <Filter>Headerdateien</Filter>
    </ClInclude>
    <ClInclude Include="Fight.h">
      <Filter>Headerdateien</Filter>
    </ClInclude>
    <ClInclude Include="Collider2D.h">
      <Filter>Headerdateien</Filter>
    </ClInclude>
    <ClInclude Include="LabyrinthPartDefinition.h">
      <Filter>Headerdateien</Filter>
    </ClInclude>
    <ClInclude Include="Definition3D.h">
      <Filter>Headerdateien</Filter>
    </ClInclude>
    <ClInclude Include="LabyrinthPartDefinition_Manager.h">
      <Filter>Headerdateien</Filter>
    </ClInclude>
    <ClInclude Include="LabyrinthPartInstance.h">
      <Filter>Headerdateien</Filter>
    </ClInclude>
    <ClInclude Include="LabyrinthInstance.h">
      <Filter>Headerdateien</Filter>
    </ClInclude>
    <ClInclude Include="OpenGLContainer.h">
      <Filter>Headerdateien</Filter>
    </ClInclude>
    <ClInclude Include="common\quaternion_utils.hpp">
      <Filter>Headerdateien</Filter>
    </ClInclude>
    <ClInclude Include="common\tangentspace.hpp">
      <Filter>Headerdateien</Filter>
    </ClInclude>
    <ClInclude Include="common\vboindexer.hpp">
      <Filter>Headerdateien</Filter>
    </ClInclude>
    <ClInclude Include="common\objloader.hpp">
      <Filter>Headerdateien</Filter>
    </ClInclude>
    <ClInclude Include="common\texture.hpp">
      <Filter>Headerdateien</Filter>
    </ClInclude>
    <ClInclude Include="common\shader.hpp">
      <Filter>Headerdateien</Filter>
    </ClInclude>
    <ClInclude Include="Minigames.h">
      <Filter>Headerdateien</Filter>
    </ClInclude>
    <ClInclude Include="ScriptReturn.h">
      <Filter>Headerdateien</Filter>
    </ClInclude>
    <ClInclude Include="LabyrinthResult.h">
      <Filter>Headerdateien</Filter>
    </ClInclude>
    <ClInclude Include="ScriptBridge.h">
      <Filter>Headerdateien</Filter>
    </ClInclude>
    <ClInclude Include="HashingForTags.h">
      <Filter>Headerdateien</Filter>
    </ClInclude>
    <ClInclude Include="MapEditor\MapEditor.h">
      <Filter>Headerdateien</Filter>
    </ClInclude>
    <ClInclude Include="MapEditor\MapEditorTileSelector.h">
      <Filter>Headerdateien</Filter>
    </ClInclude>
    <ClInclude Include="Stage.h">
      <Filter>Headerdateien</Filter>
    </ClInclude>
    <ClInclude Include="Ui\Element2D.h">
      <Filter>Headerdateien</Filter>
    </ClInclude>
    <ClInclude Include="Ui\UiElement.h">
      <Filter>Headerdateien</Filter>
    </ClInclude>
    <ClInclude Include="Ui\UiElementEffect.h">
      <Filter>Headerdateien</Filter>
    </ClInclude>
    <ClInclude Include="Ui\uiElementParameter.h">
      <Filter>Headerdateien</Filter>
    </ClInclude>
    <ClInclude Include="Ui\Transform2D.h">
      <Filter>Headerdateien</Filter>
    </ClInclude>
    <ClInclude Include="MapEditor\VariantCarrier.h">
      <Filter>Headerdateien</Filter>
    </ClInclude>
    <ClInclude Include="MapEditor\PseudoInstance.h">
      <Filter>Headerdateien</Filter>
    </ClInclude>
    <ClInclude Include="PlayerState.h">
      <Filter>Headerdateien</Filter>
    </ClInclude>
    <ClInclude Include="Sequence.h">
      <Filter>Headerdateien</Filter>
    </ClInclude>
    <ClInclude Include="FightData.h">
      <Filter>Headerdateien</Filter>
    </ClInclude>
    <ClInclude Include="BuildHeader.h">
      <Filter>Headerdateien</Filter>
    </ClInclude>
    <ClInclude Include="MapEditor\TextInput.h">
      <Filter>Headerdateien</Filter>
    </ClInclude>
    <ClInclude Include="InterObjectMessage.h">
      <Filter>Headerdateien</Filter>
    </ClInclude>
    <ClInclude Include="MonsterCast.h">
      <Filter>Headerdateien</Filter>
    </ClInclude>
    <ClInclude Include="Ui\Animation.h">
      <Filter>Headerdateien</Filter>
    </ClInclude>
    <ClInclude Include="Ui\UiAnimation.h">
      <Filter>Headerdateien</Filter>
    </ClInclude>
    <ClInclude Include="Key.h">
      <Filter>Headerdateien</Filter>
    </ClInclude>
    <ClInclude Include="SequenceSelect.h">
      <Filter>Headerdateien</Filter>
    </ClInclude>
    <ClInclude Include="Ui\TimerBar.h">
      <Filter>Headerdateien</Filter>
    </ClInclude>
    <ClInclude Include="Ui\TimerManager.h">
      <Filter>Headerdateien</Filter>
    </ClInclude>
    <ClInclude Include="Ui\OffsetElement.h">
      <Filter>Headerdateien</Filter>
    </ClInclude>
    <ClInclude Include="Ui\FlipbookAnimation.h">
      <Filter>Headerdateien</Filter>
    </ClInclude>
    <ClInclude Include="Ui\AnimationManager.h">
      <Filter>Headerdateien</Filter>
    </ClInclude>
    <ClInclude Include="Conditions\CastCondition.h">
      <Filter>Headerdateien</Filter>
    </ClInclude>
    <ClInclude Include="SequenceRepresentation.h">
      <Filter>Headerdateien</Filter>
    </ClInclude>
    <ClInclude Include="LoadSaveUnlocks.h">
      <Filter>Headerdateien</Filter>
    </ClInclude>
    <ClInclude Include="Ui\Command.h">
      <Filter>Headerdateien</Filter>
    </ClInclude>
    <ClInclude Include="MapEditor\CommandSelectTool.h">
      <Filter>Headerdateien</Filter>
    </ClInclude>
    <ClInclude Include="IrrklangSingleton.h">
      <Filter>Headerdateien</Filter>
    </ClInclude>
  </ItemGroup>
  <ItemGroup>
    <None Include="ClassDiagram.cd" />
  </ItemGroup>
</Project>