<?xml version="1.0" encoding="utf-8"?>
<Project ToolsVersion="4.0" xmlns="http://schemas.microsoft.com/developer/msbuild/2003">
  <ItemGroup>
    <Filter Include="Quelldateien">
      <UniqueIdentifier>{4FC737F1-C7A5-4376-A066-2A32D752A2FF}</UniqueIdentifier>
      <Extensions>cpp;c;cc;cxx;def;odl;idl;hpj;bat;asm;asmx</Extensions>
    </Filter>
    <Filter Include="Headerdateien">
      <UniqueIdentifier>{93995380-89BD-4b04-88EB-625FBE52EBFB}</UniqueIdentifier>
      <Extensions>h;hpp;hxx;hm;inl;inc;xsd</Extensions>
    </Filter>
    <Filter Include="Ressourcendateien">
      <UniqueIdentifier>{67DA6AB6-F800-4c08-8B7A-83BB121AAD01}</UniqueIdentifier>
      <Extensions>rc;ico;cur;bmp;dlg;rc2;rct;bin;rgs;gif;jpg;jpeg;jpe;resx;tiff;tif;png;wav;mfcribbon-ms</Extensions>
    </Filter>
  </ItemGroup>
  <ItemGroup>
    <ClCompile Include="Main.cpp">
      <Filter>Quelldateien</Filter>
    </ClCompile>
    <ClCompile Include="Stats.cpp">
      <Filter>Quelldateien</Filter>
    </ClCompile>
    <ClCompile Include="Transform.cpp">
      <Filter>Quelldateien</Filter>
    </ClCompile>
    <ClCompile Include="Instance3D_New.cpp">
      <Filter>Quelldateien</Filter>
    </ClCompile>
    <ClCompile Include="Log.cpp">
      <Filter>Quelldateien</Filter>
    </ClCompile>
    <ClCompile Include="StringUtility.cpp">
      <Filter>Quelldateien</Filter>
    </ClCompile>
    <ClCompile Include="GroupDefinition.cpp">
      <Filter>Quelldateien</Filter>
    </ClCompile>
    <ClCompile Include="GroupDefinition_Manager.cpp">
      <Filter>Quelldateien</Filter>
    </ClCompile>
    <ClCompile Include="Collider2D.cpp">
      <Filter>Quelldateien</Filter>
    </ClCompile>
    <ClCompile Include="Definition3D.cpp">
      <Filter>Quelldateien</Filter>
    </ClCompile>
    <ClCompile Include="common\texture.cpp">
      <Filter>Quelldateien</Filter>
    </ClCompile>
    <ClCompile Include="ScriptReturn.cpp">
      <Filter>Quelldateien</Filter>
    </ClCompile>
    <ClCompile Include="ScriptBridge.cpp">
      <Filter>Quelldateien</Filter>
    </ClCompile>
    <ClCompile Include="HashingForTags.cpp">
      <Filter>Quelldateien</Filter>
    </ClCompile>
    <ClCompile Include="MapEditor\MapEditor.cpp">
      <Filter>Quelldateien</Filter>
    </ClCompile>
    <ClCompile Include="MapEditor\MapEditorTileSelector.cpp">
      <Filter>Quelldateien</Filter>
    </ClCompile>
    <ClCompile Include="Stage.cpp">
      <Filter>Quelldateien</Filter>
    </ClCompile>
    <ClCompile Include="Ui\UiElementEffect.cpp">
      <Filter>Quelldateien</Filter>
    </ClCompile>
    <ClCompile Include="Ui\UiElementParameter.cpp">
      <Filter>Quelldateien</Filter>
    </ClCompile>
    <ClCompile Include="MapEditor\VariantCarrier.cpp">
      <Filter>Quelldateien</Filter>
    </ClCompile>
    <ClCompile Include="MapEditor\PseudoInstance.cpp">
      <Filter>Quelldateien</Filter>
    </ClCompile>
    <ClCompile Include="PlayerState.cpp">
      <Filter>Quelldateien</Filter>
    </ClCompile>
    <ClCompile Include="MapEditor\TextInput.cpp">
      <Filter>Quelldateien</Filter>
    </ClCompile>
    <ClCompile Include="Ui\Animation.cpp">
      <Filter>Quelldateien</Filter>
    </ClCompile>
    <ClCompile Include="Key.cpp">
      <Filter>Quelldateien</Filter>
    </ClCompile>
    <ClCompile Include="Ui\TimerBar.cpp">
      <Filter>Quelldateien</Filter>
    </ClCompile>
    <ClCompile Include="Ui\AnimationManager.cpp">
      <Filter>Quelldateien</Filter>
    </ClCompile>
    <ClCompile Include="Conditions\CastCondition.cpp">
      <Filter>Quelldateien</Filter>
    </ClCompile>
    <ClCompile Include="LoadSaveUnlocks.cpp">
      <Filter>Quelldateien</Filter>
    </ClCompile>
    <ClCompile Include="IrrklangSingleton.cpp">
      <Filter>Quelldateien</Filter>
    </ClCompile>
    <ClCompile Include="Ui\TooltipHolder.cpp">
      <Filter>Quelldateien</Filter>
    </ClCompile>
    <ClCompile Include="Conditions\ConditionToPlayer.cpp">
      <Filter>Quelldateien</Filter>
    </ClCompile>
    <ClCompile Include="Ui\BackgroundNebula.cpp">
      <Filter>Quelldateien</Filter>
    </ClCompile>
    <ClCompile Include="Ui\BackgroundNebulaFlash.cpp">
      <Filter>Quelldateien</Filter>
    </ClCompile>
    <ClCompile Include="Ui\SpellResult.cpp">
      <Filter>Quelldateien</Filter>
    </ClCompile>
    <ClCompile Include="Particles\ParticleAnimationManager.cpp">
      <Filter>Quelldateien</Filter>
    </ClCompile>
    <ClCompile Include="Particles\ParticleDispatching.cpp">
      <Filter>Quelldateien</Filter>
    </ClCompile>
    <ClCompile Include="Particles\BillboardParticle.cpp">
      <Filter>Quelldateien</Filter>
    </ClCompile>
    <ClCompile Include="Particles\SingleParticleCreationStrategy.cpp">
      <Filter>Quelldateien</Filter>
    </ClCompile>
    <ClCompile Include="Particles\ParticleDefinition.cpp">
      <Filter>Quelldateien</Filter>
    </ClCompile>
    <ClCompile Include="Particles\ClusterSpawnStrategy.cpp">
      <Filter>Quelldateien</Filter>
    </ClCompile>
    <ClCompile Include="Particles\DriftUpwardMovement.cpp">
      <Filter>Quelldateien</Filter>
    </ClCompile>
    <ClCompile Include="Particles\ParticleExplodeMovement.cpp">
      <Filter>Quelldateien</Filter>
    </ClCompile>
    <ClCompile Include="ScreenShaker.cpp">
      <Filter>Quelldateien</Filter>
    </ClCompile>
    <ClCompile Include="Fight\Fight.cpp">
      <Filter>Quelldateien</Filter>
    </ClCompile>
    <ClCompile Include="Fight\PlayerActionResolutionPhase.cpp">
      <Filter>Quelldateien</Filter>
    </ClCompile>
    <ClCompile Include="Fight\MonsterPreActionPhase.cpp">
      <Filter>Quelldateien</Filter>
    </ClCompile>
    <ClCompile Include="Fight\MonsterActionResolutionPhase.cpp">
      <Filter>Quelldateien</Filter>
    </ClCompile>
    <ClCompile Include="Utility\ParseTransform.cpp">
      <Filter>Quelldateien</Filter>
    </ClCompile>
    <ClCompile Include="common\objloader.cpp">
      <Filter>Quelldateien</Filter>
    </ClCompile>
    <ClCompile Include="OpenGLContainerWith3D.cpp">
      <Filter>Quelldateien</Filter>
    </ClCompile>
    <ClCompile Include="Fight\FightData.cpp">
      <Filter>Quelldateien</Filter>
    </ClCompile>
    <ClCompile Include="Fight\PlayerActionPhase.cpp">
      <Filter>Quelldateien</Filter>
    </ClCompile>
    <ClCompile Include="Labyrinth\LabyrinthResult.cpp">
      <Filter>Quelldateien</Filter>
    </ClCompile>
    <ClCompile Include="Labyrinth\LabyrinthPartInstance.cpp">
      <Filter>Quelldateien</Filter>
    </ClCompile>
    <ClCompile Include="Labyrinth\LabyrinthPartDefinition_Manager.cpp">
      <Filter>Quelldateien</Filter>
    </ClCompile>
    <ClCompile Include="Labyrinth\LabyrinthPartDefinition.cpp">
      <Filter>Quelldateien</Filter>
    </ClCompile>
    <ClCompile Include="Labyrinth\LabyrinthInstance.cpp">
      <Filter>Quelldateien</Filter>
    </ClCompile>
    <ClCompile Include="Ui\PlayerActionPhaseSidebar.cpp">
      <Filter>Quelldateien</Filter>
    </ClCompile>
    <ClCompile Include="Ui\PlayerStatsUi.cpp">
      <Filter>Quelldateien</Filter>
    </ClCompile>
    <ClCompile Include="Ui\LabyrinthHitCounter.cpp">
      <Filter>Quelldateien</Filter>
    </ClCompile>
    <ClCompile Include="Monster\Monster.cpp">
      <Filter>Quelldateien</Filter>
    </ClCompile>
    <ClCompile Include="Monster\MonsterCast.cpp">
      <Filter>Quelldateien</Filter>
    </ClCompile>
    <ClCompile Include="Monster\MonsterDefinition.cpp">
      <Filter>Quelldateien</Filter>
    </ClCompile>
    <ClCompile Include="Monster\MonsterDefinition_Manager.cpp">
      <Filter>Quelldateien</Filter>
    </ClCompile>
    <ClCompile Include="Monster\AbilityEffects\DispatchEffect.cpp">
      <Filter>Quelldateien</Filter>
    </ClCompile>
    <ClCompile Include="Monster\AbilityEffects\DealPlayerDamage.cpp">
      <Filter>Quelldateien</Filter>
    </ClCompile>
    <ClCompile Include="Monster\MonsterCastCore.cpp">
      <Filter>Quelldateien</Filter>
    </ClCompile>
    <ClCompile Include="Monster\AbilityEffects\StartAnimation.cpp">
      <Filter>Quelldateien</Filter>
    </ClCompile>
    <ClCompile Include="Monster\AbilityEffects\SpawnMonster.cpp">
      <Filter>Quelldateien</Filter>
    </ClCompile>
    <ClCompile Include="Monster\AbilityEffects\MonsterCastEffect.cpp">
      <Filter>Quelldateien</Filter>
    </ClCompile>
    <ClCompile Include="Monster\AbilityEffects\HealMonster.cpp">
      <Filter>Quelldateien</Filter>
    </ClCompile>
    <ClCompile Include="Monster\AbilityEffects\SelectMonsters.cpp">
      <Filter>Quelldateien</Filter>
    </ClCompile>
    <ClCompile Include="Ui\MonsterUiCombat.cpp">
      <Filter>Quelldateien</Filter>
    </ClCompile>
    <ClCompile Include="Monster\AbilityEffects\BlockSpellh.cpp">
      <Filter>Quelldateien</Filter>
    </ClCompile>
    <ClCompile Include="Spell.cpp">
      <Filter>Quelldateien</Filter>
    </ClCompile>
    <ClCompile Include="Monster\AbilityEffects\ChangeLabyrinth.cpp">
      <Filter>Quelldateien</Filter>
    </ClCompile>
    <ClCompile Include="Monster\AbilityEffects\ChangeMonsterStats.cpp">
      <Filter>Quelldateien</Filter>
    </ClCompile>
    <ClCompile Include="Monster\AbilityEffects\PlayerTempEffect.cpp">
      <Filter>Quelldateien</Filter>
    </ClCompile>
    <ClCompile Include="Sequence\Sequence.cpp">
      <Filter>Quelldateien</Filter>
    </ClCompile>
    <ClCompile Include="Sequence\SequenceSelect.cpp">
      <Filter>Quelldateien</Filter>
    </ClCompile>
    <ClCompile Include="Sequence\SequenceRepresentation.cpp">
      <Filter>Quelldateien</Filter>
    </ClCompile>
    <ClCompile Include="Sequence\SequenceEntry.cpp">
      <Filter>Quelldateien</Filter>
    </ClCompile>
    <ClCompile Include="Sequence\SequencePrefightText.cpp">
      <Filter>Quelldateien</Filter>
    </ClCompile>
    <ClCompile Include="Tests\Tests.cpp">
      <Filter>Quelldateien</Filter>
    </ClCompile>
    <ClCompile Include="MapEditor\CommandSelectTool.cpp">
      <Filter>Quelldateien</Filter>
    </ClCompile>
    <ClCompile Include="MapEditor\Modes\DrawMode.cpp">
      <Filter>Quelldateien</Filter>
    </ClCompile>
    <ClCompile Include="MapEditor\Modes\ModeCommonFunctionality.cpp">
      <Filter>Quelldateien</Filter>
    </ClCompile>
  </ItemGroup>
  <ItemGroup>
    <ClInclude Include="Transform.h">
      <Filter>Headerdateien</Filter>
    </ClInclude>
    <ClInclude Include="Instance3D_New.h">
      <Filter>Headerdateien</Filter>
    </ClInclude>
    <ClInclude Include="Stats.h">
      <Filter>Headerdateien</Filter>
    </ClInclude>
    <ClInclude Include="Log.h">
      <Filter>Headerdateien</Filter>
    </ClInclude>
    <ClInclude Include="StringUtility.h">
      <Filter>Headerdateien</Filter>
    </ClInclude>
    <ClInclude Include="GroupDefinition.h">
      <Filter>Headerdateien</Filter>
    </ClInclude>
    <ClInclude Include="GroupDefinition_Manager.h">
      <Filter>Headerdateien</Filter>
    </ClInclude>
    <ClInclude Include="Collider2D.h">
      <Filter>Headerdateien</Filter>
    </ClInclude>
    <ClInclude Include="Definition3D.h">
      <Filter>Headerdateien</Filter>
    </ClInclude>
    <ClInclude Include="common\texture.hpp">
      <Filter>Headerdateien</Filter>
    </ClInclude>
    <ClInclude Include="ScriptReturn.h">
      <Filter>Headerdateien</Filter>
    </ClInclude>
    <ClInclude Include="ScriptBridge.h">
      <Filter>Headerdateien</Filter>
    </ClInclude>
    <ClInclude Include="HashingForTags.h">
      <Filter>Headerdateien</Filter>
    </ClInclude>
    <ClInclude Include="MapEditor\MapEditor.h">
      <Filter>Headerdateien</Filter>
    </ClInclude>
    <ClInclude Include="MapEditor\MapEditorTileSelector.h">
      <Filter>Headerdateien</Filter>
    </ClInclude>
    <ClInclude Include="Stage.h">
      <Filter>Headerdateien</Filter>
    </ClInclude>
    <ClInclude Include="Ui\UiElementEffect.h">
      <Filter>Headerdateien</Filter>
    </ClInclude>
    <ClInclude Include="Ui\uiElementParameter.h">
      <Filter>Headerdateien</Filter>
    </ClInclude>
    <ClInclude Include="MapEditor\VariantCarrier.h">
      <Filter>Headerdateien</Filter>
    </ClInclude>
    <ClInclude Include="MapEditor\PseudoInstance.h">
      <Filter>Headerdateien</Filter>
    </ClInclude>
    <ClInclude Include="PlayerState.h">
      <Filter>Headerdateien</Filter>
    </ClInclude>
    <ClInclude Include="BuildHeader.h">
      <Filter>Headerdateien</Filter>
    </ClInclude>
    <ClInclude Include="MapEditor\TextInput.h">
      <Filter>Headerdateien</Filter>
    </ClInclude>
    <ClInclude Include="InterObjectMessage.h">
      <Filter>Headerdateien</Filter>
    </ClInclude>
    <ClInclude Include="Ui\Animation.h">
      <Filter>Headerdateien</Filter>
    </ClInclude>
    <ClInclude Include="Key.h">
      <Filter>Headerdateien</Filter>
    </ClInclude>
    <ClInclude Include="Ui\TimerBar.h">
      <Filter>Headerdateien</Filter>
    </ClInclude>
    <ClInclude Include="Ui\AnimationManager.h">
      <Filter>Headerdateien</Filter>
    </ClInclude>
    <ClInclude Include="Conditions\CastCondition.h">
      <Filter>Headerdateien</Filter>
    </ClInclude>
    <ClInclude Include="LoadSaveUnlocks.h">
      <Filter>Headerdateien</Filter>
    </ClInclude>
    <ClInclude Include="IrrklangSingleton.h">
      <Filter>Headerdateien</Filter>
    </ClInclude>
    <ClInclude Include="Ui\TooltipHolder.h">
      <Filter>Headerdateien</Filter>
    </ClInclude>
    <ClInclude Include="Conditions\ConditionToPlayer.h">
      <Filter>Headerdateien</Filter>
    </ClInclude>
    <ClInclude Include="Ui\BackgroundNebula.h">
      <Filter>Headerdateien</Filter>
    </ClInclude>
    <ClInclude Include="Ui\BackgroundNebulaFlash.h">
      <Filter>Headerdateien</Filter>
    </ClInclude>
    <ClInclude Include="Ui\SpellResult.h">
      <Filter>Headerdateien</Filter>
    </ClInclude>
    <ClInclude Include="Particles\ParticleAnimationManager.h">
      <Filter>Headerdateien</Filter>
    </ClInclude>
    <ClInclude Include="Particles\ParticleDispatching.h">
      <Filter>Headerdateien</Filter>
    </ClInclude>
    <ClInclude Include="Particles\BillboardParticle.h">
      <Filter>Headerdateien</Filter>
    </ClInclude>
    <ClInclude Include="Particles\ParticleMovementStrategy.h">
      <Filter>Headerdateien</Filter>
    </ClInclude>
    <ClInclude Include="Particles\ParticleCreationStrategy.h">
      <Filter>Headerdateien</Filter>
    </ClInclude>
    <ClInclude Include="Particles\SingleParticleCreationStrategy.h">
      <Filter>Headerdateien</Filter>
    </ClInclude>
    <ClInclude Include="Particles\ParticleDefinition.h">
      <Filter>Headerdateien</Filter>
    </ClInclude>
    <ClInclude Include="Particles\ClusterSpawnStrategy.h">
      <Filter>Headerdateien</Filter>
    </ClInclude>
    <ClInclude Include="Particles\DriftUpwardMovement.h">
      <Filter>Headerdateien</Filter>
    </ClInclude>
    <ClInclude Include="Particles\ParticleExplodeMovement.h">
      <Filter>Headerdateien</Filter>
    </ClInclude>
    <ClInclude Include="ScreenShaker.h">
      <Filter>Headerdateien</Filter>
    </ClInclude>
    <ClInclude Include="Fight\Fight.h">
      <Filter>Headerdateien</Filter>
    </ClInclude>
    <ClInclude Include="Fight\FightPhase.h">
      <Filter>Headerdateien</Filter>
    </ClInclude>
    <ClInclude Include="Fight\PlayerActionResolutionPhase.h">
      <Filter>Headerdateien</Filter>
    </ClInclude>
    <ClInclude Include="Fight\MonsterPreActionPhase.h">
      <Filter>Headerdateien</Filter>
    </ClInclude>
    <ClInclude Include="Fight\MonsterActionResolutionPhase.h">
      <Filter>Headerdateien</Filter>
    </ClInclude>
    <ClInclude Include="Utility\ParseTransform.h">
      <Filter>Headerdateien</Filter>
    </ClInclude>
    <ClInclude Include="common\objloader.hpp">
      <Filter>Headerdateien</Filter>
    </ClInclude>
    <ClInclude Include="OpenGLContainerWith3D.h">
      <Filter>Headerdateien</Filter>
    </ClInclude>
    <ClInclude Include="Fight\FightData.h">
      <Filter>Headerdateien</Filter>
    </ClInclude>
    <ClInclude Include="Labyrinth\LabyrinthParameters.h">
      <Filter>Headerdateien</Filter>
    </ClInclude>
    <ClInclude Include="Fight\PlayerActionPhase.h">
      <Filter>Headerdateien</Filter>
    </ClInclude>
    <ClInclude Include="Labyrinth\LabyrinthResult.h">
      <Filter>Headerdateien</Filter>
    </ClInclude>
    <ClInclude Include="Labyrinth\LabyrinthPartInstance.h">
      <Filter>Headerdateien</Filter>
    </ClInclude>
    <ClInclude Include="Labyrinth\LabyrinthPartDefinition_Manager.h">
      <Filter>Headerdateien</Filter>
    </ClInclude>
    <ClInclude Include="Labyrinth\LabyrinthInstance.h">
      <Filter>Headerdateien</Filter>
    </ClInclude>
    <ClInclude Include="Labyrinth\LabyrinthPartDefinition.h">
      <Filter>Headerdateien</Filter>
    </ClInclude>
    <ClInclude Include="Spell.h">
      <Filter>Headerdateien</Filter>
    </ClInclude>
    <ClInclude Include="Ui\PlayerActionPhaseSidebar.h">
      <Filter>Headerdateien</Filter>
    </ClInclude>
    <ClInclude Include="Ui\PlayerStatsUi.h">
      <Filter>Headerdateien</Filter>
    </ClInclude>
    <ClInclude Include="Ui\LabyrinthHitCounter.h">
      <Filter>Headerdateien</Filter>
    </ClInclude>
    <ClInclude Include="Monster\Monster.h">
      <Filter>Headerdateien</Filter>
    </ClInclude>
    <ClInclude Include="Monster\MonsterCast.h">
      <Filter>Headerdateien</Filter>
    </ClInclude>
    <ClInclude Include="Monster\MonsterDefinition.h">
      <Filter>Headerdateien</Filter>
    </ClInclude>
    <ClInclude Include="Monster\MonsterDefinition_Manager.h">
      <Filter>Headerdateien</Filter>
    </ClInclude>
    <ClInclude Include="Monster\AbilityEffects\DispatchEffect.h">
      <Filter>Headerdateien</Filter>
    </ClInclude>
    <ClInclude Include="Monster\AbilityEffects\MonsterCastEffect.h">
      <Filter>Headerdateien</Filter>
    </ClInclude>
    <ClInclude Include="Monster\AbilityEffects\DealPlayerDamage.h">
      <Filter>Headerdateien</Filter>
    </ClInclude>
    <ClInclude Include="Monster\MonsterCastCore.h">
      <Filter>Headerdateien</Filter>
    </ClInclude>
    <ClInclude Include="Monster\AbilityEffects\StartAnimation.h">
      <Filter>Headerdateien</Filter>
    </ClInclude>
    <ClInclude Include="Monster\AbilityEffects\SpawnMonster.h">
      <Filter>Headerdateien</Filter>
    </ClInclude>
    <ClInclude Include="Monster\AbilityEffects\HealMonster.h">
      <Filter>Headerdateien</Filter>
    </ClInclude>
    <ClInclude Include="Monster\AbilityEffects\SelectMonsters.h">
      <Filter>Headerdateien</Filter>
    </ClInclude>
    <ClInclude Include="Ui\MonsterUiCombat.h">
      <Filter>Headerdateien</Filter>
    </ClInclude>
    <ClInclude Include="Monster\AbilityEffects\BlockSpellh.h">
      <Filter>Headerdateien</Filter>
    </ClInclude>
    <ClInclude Include="Monster\AbilityEffects\ChangeLabyrinth.h">
      <Filter>Headerdateien</Filter>
    </ClInclude>
    <ClInclude Include="Particles\PolymorphicParticle3D.h">
      <Filter>Headerdateien</Filter>
    </ClInclude>
    <ClInclude Include="Utility\PickWeighted.h">
      <Filter>Headerdateien</Filter>
    </ClInclude>
    <ClInclude Include="Monster\AbilityEffects\ChangeMonsterStats.h">
      <Filter>Headerdateien</Filter>
    </ClInclude>
    <ClInclude Include="Monster\AbilityEffects\PlayerTempEffect.h">
      <Filter>Headerdateien</Filter>
    </ClInclude>
    <ClInclude Include="Sequence\SequenceSelect.h">
      <Filter>Headerdateien</Filter>
    </ClInclude>
    <ClInclude Include="Sequence\SequenceRepresentation.h">
      <Filter>Headerdateien</Filter>
    </ClInclude>
    <ClInclude Include="Sequence\Sequence.h">
      <Filter>Headerdateien</Filter>
    </ClInclude>
    <ClInclude Include="Sequence\SequenceEntry.h">
      <Filter>Headerdateien</Filter>
    </ClInclude>
    <ClInclude Include="Sequence\SequencePrefightText.h">
      <Filter>Headerdateien</Filter>
    </ClInclude>
    <ClInclude Include="Tests\Tests.h">
      <Filter>Headerdateien</Filter>
    </ClInclude>
    <ClInclude Include="MapEditor\CommandSelectTool.h">
      <Filter>Headerdateien</Filter>
    </ClInclude>
    <ClInclude Include="MapEditor\Modes\MapEditorMode.h">
      <Filter>Headerdateien</Filter>
    </ClInclude>
    <ClInclude Include="MapEditor\Modes\DrawMode.h">
      <Filter>Headerdateien</Filter>
    </ClInclude>
    <ClInclude Include="MapEditor\Modes\ModeCommonFunctionality.h">
      <Filter>Headerdateien</Filter>
    </ClInclude>
  </ItemGroup>
  <ItemGroup>
    <None Include="ClassDiagram.cd" />
  </ItemGroup>
</Project>